{
    "hash": "4084ca3c064135866fcc4a1129164eff",
    "packages": [
        {
            "name": "moontoast/math",
            "version": "1.1.0",
            "source": {
                "type": "git",
                "url": "https://github.com/moontoast/math.git",
                "reference": "fce28a9d1e73e73376cb44e5e581675d15fbe2f3"
            },
            "dist": {
                "type": "zip",
                "url": "https://api.github.com/repos/moontoast/math/zipball/fce28a9d1e73e73376cb44e5e581675d15fbe2f3",
                "reference": "fce28a9d1e73e73376cb44e5e581675d15fbe2f3",
                "shasum": ""
            },
            "require": {
                "ext-bcmath": "*",
                "php": ">=5.3.3"
            },
            "time": "2013-01-19 17:42:34",
            "type": "library",
            "installation-source": "dist",
            "autoload": {
                "psr-0": {
                    "Moontoast\\Math": "src/"
                }
            },
            "notification-url": "https://packagist.org/downloads/",
            "license": [
                "Apache-2.0"
            ],
            "description": "A mathematics library, providing functionality for large numbers",
            "homepage": "https://github.com/moontoast/math",
            "keywords": [
                "bcmath",
                "math"
            ]
        },
        {
            "name": "rhumsaa/uuid",
            "version": "2.7.0",
            "source": {
                "type": "git",
                "url": "https://github.com/ramsey/uuid.git",
                "reference": "f4d16d233a2f570f0689d4ebab2b166632a9575d"
            },
            "dist": {
                "type": "zip",
                "url": "https://api.github.com/repos/ramsey/uuid/zipball/f4d16d233a2f570f0689d4ebab2b166632a9575d",
                "reference": "f4d16d233a2f570f0689d4ebab2b166632a9575d",
                "shasum": ""
            },
            "require": {
                "moontoast/math": "~1.1",
                "php": ">=5.3.3",
                "symfony/console": "~2.4"
            },
            "require-dev": {
                "doctrine/dbal": ">=2.3",
                "phpunit/phpunit": "~3.7"
            },
            "suggest": {
                "doctrine/dbal": "Allow the use of a UUID as doctrine field type."
            },
            "time": "2014-01-31 18:32:03",
            "bin": [
                "bin/uuid"
            ],
            "type": "library",
            "extra": {
                "branch-alias": {
                    "dev-master": "2.6.x-dev"
                }
            },
            "installation-source": "dist",
            "autoload": {
                "psr-0": {
                    "Rhumsaa\\Uuid": "src/"
                }
            },
            "notification-url": "https://packagist.org/downloads/",
            "license": [
                "MIT"
            ],
            "authors": [
                {
                    "name": "Marijn Huizendveld",
                    "email": "marijn.huizendveld@gmail.com"
                },
                {
                    "name": "Ben Ramsey",
                    "homepage": "http://benramsey.com"
                }
            ],
            "description": "A PHP 5.3+ library for generating RFC 4122 version 1, 3, 4, and 5 universally unique identifiers (UUID).",
            "homepage": "https://github.com/ramsey/uuid",
            "keywords": [
                "guid",
                "identifier",
                "uuid"
            ]
        },
        {
            "name": "symfony/console",
            "version": "v2.4.1",
            "target-dir": "Symfony/Component/Console",
            "source": {
                "type": "git",
                "url": "https://github.com/symfony/Console.git",
                "reference": "4c1ed2ff514bd85ee186eebb010ccbdeeab05af7"
            },
            "dist": {
                "type": "zip",
                "url": "https://api.github.com/repos/symfony/Console/zipball/4c1ed2ff514bd85ee186eebb010ccbdeeab05af7",
                "reference": "4c1ed2ff514bd85ee186eebb010ccbdeeab05af7",
                "shasum": ""
            },
            "require": {
                "php": ">=5.3.3"
            },
            "require-dev": {
                "symfony/event-dispatcher": "~2.1"
            },
            "suggest": {
                "symfony/event-dispatcher": ""
            },
            "time": "2014-01-01 08:14:50",
            "type": "library",
            "extra": {
                "branch-alias": {
                    "dev-master": "2.4-dev"
                }
            },
            "installation-source": "dist",
            "autoload": {
                "psr-0": {
                    "Symfony\\Component\\Console\\": ""
                }
            },
            "notification-url": "https://packagist.org/downloads/",
            "license": [
                "MIT"
            ],
            "authors": [
                {
                    "name": "Fabien Potencier",
                    "email": "fabien@symfony.com",
                    "homepage": "http://fabien.potencier.org",
                    "role": "Lead Developer"
                },
                {
                    "name": "Symfony Community",
                    "homepage": "http://symfony.com/contributors"
                }
            ],
            "description": "Symfony Console Component",
            "homepage": "http://symfony.com"
        }
    ],
    "packages-dev": null,
    "aliases": [

    ],
    "minimum-stability": "stable",
    "stability-flags": {
        "satooshi/php-coveralls": 20
    }
}
